
Microsoft Visual Studio Solution File, Format Version 12.00
# Visual Studio Version 17
VisualStudioVersion = 17.9.34728.123
MinimumVisualStudioVersion = 10.0.40219.1
Project("{9A19103F-16F7-4668-BE54-9A1E7A4F7556}") = "Venar.Entities", "Venar.Entities\Venar.Entities.csproj", "{D2CEEC4D-FA3C-4B02-9692-672009546BCF}"
EndProject
Project("{9A19103F-16F7-4668-BE54-9A1E7A4F7556}") = "Venar.WF", "Venar.WF\Venar.WF.csproj", "{4AAE1F7B-C270-40E5-8411-86BADAFF4C4D}"
EndProject
Project("{9A19103F-16F7-4668-BE54-9A1E7A4F7556}") = "Venar.SVC", "Venar.SVC\Venar.SVC.csproj", "{4ECFB63E-19F9-418B-905F-5442B66BA19E}"
EndProject
Project("{9A19103F-16F7-4668-BE54-9A1E7A4F7556}") = "Venar.Data", "Venar.Data\Venar.Data.csproj", "{D8C1B85C-8A20-4082-A871-B75C1585EC10}"
EndProject
Global
	GlobalSection(SolutionConfigurationPlatforms) = preSolution
		Debug|Any CPU = Debug|Any CPU
		Release|Any CPU = Release|Any CPU
	EndGlobalSection
	GlobalSection(ProjectConfigurationPlatforms) = postSolution
		{D2CEEC4D-FA3C-4B02-9692-672009546BCF}.Debug|Any CPU.ActiveCfg = Debug|Any CPU
		{D2CEEC4D-FA3C-4B02-9692-672009546BCF}.Debug|Any CPU.Build.0 = Debug|Any CPU
		{D2CEEC4D-FA3C-4B02-9692-672009546BCF}.Release|Any CPU.ActiveCfg = Release|Any CPU
		{D2CEEC4D-FA3C-4B02-9692-672009546BCF}.Release|Any CPU.Build.0 = Release|Any CPU
		{4AAE1F7B-C270-40E5-8411-86BADAFF4C4D}.Debug|Any CPU.ActiveCfg = Debug|Any CPU
		{4AAE1F7B-C270-40E5-8411-86BADAFF4C4D}.Debug|Any CPU.Build.0 = Debug|Any CPU
		{4AAE1F7B-C270-40E5-8411-86BADAFF4C4D}.Release|Any CPU.ActiveCfg = Release|Any CPU
		{4AAE1F7B-C270-40E5-8411-86BADAFF4C4D}.Release|Any CPU.Build.0 = Release|Any CPU
		{4ECFB63E-19F9-418B-905F-5442B66BA19E}.Debug|Any CPU.ActiveCfg = Debug|Any CPU
		{4ECFB63E-19F9-418B-905F-5442B66BA19E}.Debug|Any CPU.Build.0 = Debug|Any CPU
		{4ECFB63E-19F9-418B-905F-5442B66BA19E}.Release|Any CPU.ActiveCfg = Release|Any CPU
		{4ECFB63E-19F9-418B-905F-5442B66BA19E}.Release|Any CPU.Build.0 = Release|Any CPU
		{D8C1B85C-8A20-4082-A871-B75C1585EC10}.Debug|Any CPU.ActiveCfg = Debug|Any CPU
		{D8C1B85C-8A20-4082-A871-B75C1585EC10}.Debug|Any CPU.Build.0 = Debug|Any CPU
		{D8C1B85C-8A20-4082-A871-B75C1585EC10}.Release|Any CPU.ActiveCfg = Release|Any CPU
		{D8C1B85C-8A20-4082-A871-B75C1585EC10}.Release|Any CPU.Build.0 = Release|Any CPU
	EndGlobalSection
	GlobalSection(SolutionProperties) = preSolution
		HideSolutionNode = FALSE
	EndGlobalSection
	GlobalSection(ExtensibilityGlobals) = postSolution
		SolutionGuid = {3280601F-607B-4CE6-94F0-172CE98D2959}
	EndGlobalSection
EndGlobal
