
Microsoft Visual Studio Solution File, Format Version 12.00
# Visual Studio Version 17
VisualStudioVersion = 17.5.002.0
MinimumVisualStudioVersion = 10.0.40219.1
Project("{9A19103F-16F7-4668-BE54-9A1E7A4F7556}") = "VenarDxa", "VenarDxa.csproj", "{62CF81E0-C563-479E-BA07-E2E540945648}"
EndProject
Global
	GlobalSection(SolutionConfigurationPlatforms) = preSolution
		Debug|Any CPU = Debug|Any CPU
		Release|Any CPU = Release|Any CPU
	EndGlobalSection
	GlobalSection(ProjectConfigurationPlatforms) = postSolution
		{62CF81E0-C563-479E-BA07-E2E540945648}.Debug|Any CPU.ActiveCfg = Debug|Any CPU
		{62CF81E0-C563-479E-BA07-E2E540945648}.Debug|Any CPU.Build.0 = Debug|Any CPU
		{62CF81E0-C563-479E-BA07-E2E540945648}.Release|Any CPU.ActiveCfg = Release|Any CPU
		{62CF81E0-C563-479E-BA07-E2E540945648}.Release|Any CPU.Build.0 = Release|Any CPU
	EndGlobalSection
	GlobalSection(SolutionProperties) = preSolution
		HideSolutionNode = FALSE
	EndGlobalSection
	GlobalSection(ExtensibilityGlobals) = postSolution
		SolutionGuid = {978FF771-FE06-45E8-820D-51C76C42E678}
	EndGlobalSection
EndGlobal
